
Microsoft Visual Studio Solution File, Format Version 12.00
# Visual Studio 15
VisualStudioVersion = 15.0.26124.0
MinimumVisualStudioVersion = 15.0.26124.0
Project("{FAE04EC0-301F-11D3-BF4B-00C04F79EFBC}") = "Minter.Example", "Minter.Example\Minter.Example.csproj", "{97DA1406-CA16-44E7-A023-4BAEC240772E}"
EndProject
Project("{FAE04EC0-301F-11D3-BF4B-00C04F79EFBC}") = "Minter.Networking", "Minter.Networking\Minter.Networking.csproj", "{15DBE2FE-A73A-4CAC-9CB6-347E043E9F7A}"
EndProject
Project("{FAE04EC0-301F-11D3-BF4B-00C04F79EFBC}") = "Minter", "Minter\Minter.csproj", "{D911B058-525A-4758-B839-861E6EA8418D}"
EndProject
Global
	GlobalSection(SolutionConfigurationPlatforms) = preSolution
		Debug|Any CPU = Debug|Any CPU
		Debug|x64 = Debug|x64
		Debug|x86 = Debug|x86
		Release|Any CPU = Release|Any CPU
		Release|x64 = Release|x64
		Release|x86 = Release|x86
	EndGlobalSection
	GlobalSection(SolutionProperties) = preSolution
		HideSolutionNode = FALSE
	EndGlobalSection
	GlobalSection(ProjectConfigurationPlatforms) = postSolution
		{97DA1406-CA16-44E7-A023-4BAEC240772E}.Debug|Any CPU.ActiveCfg = Debug|Any CPU
		{97DA1406-CA16-44E7-A023-4BAEC240772E}.Debug|Any CPU.Build.0 = Debug|Any CPU
		{97DA1406-CA16-44E7-A023-4BAEC240772E}.Debug|x64.ActiveCfg = Debug|Any CPU
		{97DA1406-CA16-44E7-A023-4BAEC240772E}.Debug|x64.Build.0 = Debug|Any CPU
		{97DA1406-CA16-44E7-A023-4BAEC240772E}.Debug|x86.ActiveCfg = Debug|Any CPU
		{97DA1406-CA16-44E7-A023-4BAEC240772E}.Debug|x86.Build.0 = Debug|Any CPU
		{97DA1406-CA16-44E7-A023-4BAEC240772E}.Release|Any CPU.ActiveCfg = Release|Any CPU
		{97DA1406-CA16-44E7-A023-4BAEC240772E}.Release|Any CPU.Build.0 = Release|Any CPU
		{97DA1406-CA16-44E7-A023-4BAEC240772E}.Release|x64.ActiveCfg = Release|Any CPU
		{97DA1406-CA16-44E7-A023-4BAEC240772E}.Release|x64.Build.0 = Release|Any CPU
		{97DA1406-CA16-44E7-A023-4BAEC240772E}.Release|x86.ActiveCfg = Release|Any CPU
		{97DA1406-CA16-44E7-A023-4BAEC240772E}.Release|x86.Build.0 = Release|Any CPU
		{15DBE2FE-A73A-4CAC-9CB6-347E043E9F7A}.Debug|Any CPU.ActiveCfg = Debug|Any CPU
		{15DBE2FE-A73A-4CAC-9CB6-347E043E9F7A}.Debug|Any CPU.Build.0 = Debug|Any CPU
		{15DBE2FE-A73A-4CAC-9CB6-347E043E9F7A}.Debug|x64.ActiveCfg = Debug|Any CPU
		{15DBE2FE-A73A-4CAC-9CB6-347E043E9F7A}.Debug|x64.Build.0 = Debug|Any CPU
		{15DBE2FE-A73A-4CAC-9CB6-347E043E9F7A}.Debug|x86.ActiveCfg = Debug|Any CPU
		{15DBE2FE-A73A-4CAC-9CB6-347E043E9F7A}.Debug|x86.Build.0 = Debug|Any CPU
		{15DBE2FE-A73A-4CAC-9CB6-347E043E9F7A}.Release|Any CPU.ActiveCfg = Release|Any CPU
		{15DBE2FE-A73A-4CAC-9CB6-347E043E9F7A}.Release|Any CPU.Build.0 = Release|Any CPU
		{15DBE2FE-A73A-4CAC-9CB6-347E043E9F7A}.Release|x64.ActiveCfg = Release|Any CPU
		{15DBE2FE-A73A-4CAC-9CB6-347E043E9F7A}.Release|x64.Build.0 = Release|Any CPU
		{15DBE2FE-A73A-4CAC-9CB6-347E043E9F7A}.Release|x86.ActiveCfg = Release|Any CPU
		{15DBE2FE-A73A-4CAC-9CB6-347E043E9F7A}.Release|x86.Build.0 = Release|Any CPU
		{D911B058-525A-4758-B839-861E6EA8418D}.Debug|Any CPU.ActiveCfg = Debug|Any CPU
		{D911B058-525A-4758-B839-861E6EA8418D}.Debug|Any CPU.Build.0 = Debug|Any CPU
		{D911B058-525A-4758-B839-861E6EA8418D}.Debug|x64.ActiveCfg = Debug|Any CPU
		{D911B058-525A-4758-B839-861E6EA8418D}.Debug|x64.Build.0 = Debug|Any CPU
		{D911B058-525A-4758-B839-861E6EA8418D}.Debug|x86.ActiveCfg = Debug|Any CPU
		{D911B058-525A-4758-B839-861E6EA8418D}.Debug|x86.Build.0 = Debug|Any CPU
		{D911B058-525A-4758-B839-861E6EA8418D}.Release|Any CPU.ActiveCfg = Release|Any CPU
		{D911B058-525A-4758-B839-861E6EA8418D}.Release|Any CPU.Build.0 = Release|Any CPU
		{D911B058-525A-4758-B839-861E6EA8418D}.Release|x64.ActiveCfg = Release|Any CPU
		{D911B058-525A-4758-B839-861E6EA8418D}.Release|x64.Build.0 = Release|Any CPU
		{D911B058-525A-4758-B839-861E6EA8418D}.Release|x86.ActiveCfg = Release|Any CPU
		{D911B058-525A-4758-B839-861E6EA8418D}.Release|x86.Build.0 = Release|Any CPU
	EndGlobalSection
EndGlobal
